// !$*UTF8*$!
{
	archiveVersion = 1;
	classes = {
	};
	objectVersion = 56;
	objects = {

/* Begin PBXBuildFile section */
		041783242975B1A80038EF40 /* CarouselView.swift in Sources */ = {isa = PBXBuildFile; fileRef = 041783232975B1A80038EF40 /* CarouselView.swift */; };
		041783262975BA4F0038EF40 /* CarouselItemCollectionViewCell.swift in Sources */ = {isa = PBXBuildFile; fileRef = 041783252975BA4F0038EF40 /* CarouselItemCollectionViewCell.swift */; };
		041783282975C50F0038EF40 /* DefaultWhiteButton.swift in Sources */ = {isa = PBXBuildFile; fileRef = 041783272975C50F0038EF40 /* DefaultWhiteButton.swift */; };
		0417832A2975C53F0038EF40 /* ColorPalette.swift in Sources */ = {isa = PBXBuildFile; fileRef = 041783292975C53F0038EF40 /* ColorPalette.swift */; };
		0417832E2975E86C0038EF40 /* CarouselItem.swift in Sources */ = {isa = PBXBuildFile; fileRef = 0417832D2975E86C0038EF40 /* CarouselItem.swift */; };
		041783302975EA2B0038EF40 /* Screen.swift in Sources */ = {isa = PBXBuildFile; fileRef = 0417832F2975EA2B0038EF40 /* Screen.swift */; };
		041783342975F35D0038EF40 /* IndicatorCollectionViewCell.swift in Sources */ = {isa = PBXBuildFile; fileRef = 041783332975F35D0038EF40 /* IndicatorCollectionViewCell.swift */; };
		041783372976B5F30038EF40 /* AuthorizationNavigationController.swift in Sources */ = {isa = PBXBuildFile; fileRef = 041783362976B5F30038EF40 /* AuthorizationNavigationController.swift */; };
		041783392976CB110038EF40 /* LoginViewController.swift in Sources */ = {isa = PBXBuildFile; fileRef = 041783382976CB110038EF40 /* LoginViewController.swift */; };
		0417833B2976CE800038EF40 /* SKTextField.swift in Sources */ = {isa = PBXBuildFile; fileRef = 0417833A2976CE800038EF40 /* SKTextField.swift */; };
		0421BE3629718A53001237C9 /* AppDelegate.swift in Sources */ = {isa = PBXBuildFile; fileRef = 0421BE3529718A53001237C9 /* AppDelegate.swift */; };
		0421BE3829718A53001237C9 /* SceneDelegate.swift in Sources */ = {isa = PBXBuildFile; fileRef = 0421BE3729718A53001237C9 /* SceneDelegate.swift */; };
		0421BE3A29718A53001237C9 /* CarouselViewController.swift in Sources */ = {isa = PBXBuildFile; fileRef = 0421BE3929718A53001237C9 /* CarouselViewController.swift */; };
		0421BE3F29718A54001237C9 /* Assets.xcassets in Resources */ = {isa = PBXBuildFile; fileRef = 0421BE3E29718A54001237C9 /* Assets.xcassets */; };
		0421BE4229718A54001237C9 /* LaunchScreen.storyboard in Resources */ = {isa = PBXBuildFile; fileRef = 0421BE4029718A54001237C9 /* LaunchScreen.storyboard */; };
		0459E8F8297DBCFA00A60D1E /* DailyStatistic.swift in Sources */ = {isa = PBXBuildFile; fileRef = 0459E8F7297DBCFA00A60D1E /* DailyStatistic.swift */; };
		0459E8FA297DBE1B00A60D1E /* WeeklyStatisticCollectionViewCell.swift in Sources */ = {isa = PBXBuildFile; fileRef = 0459E8F9297DBE1B00A60D1E /* WeeklyStatisticCollectionViewCell.swift */; };
		0459E8FC297DBE4400A60D1E /* Server.swift in Sources */ = {isa = PBXBuildFile; fileRef = 0459E8FB297DBE4400A60D1E /* Server.swift */; };
		0459E8FE29819EE600A60D1E /* URLs.swift in Sources */ = {isa = PBXBuildFile; fileRef = 0459E8FD29819EE600A60D1E /* URLs.swift */; };
		0459E9012981A90900A60D1E /* String.swift in Sources */ = {isa = PBXBuildFile; fileRef = 0459E9002981A90900A60D1E /* String.swift */; };
		0459E9032981CE5000A60D1E /* CircularProgressBarView.swift in Sources */ = {isa = PBXBuildFile; fileRef = 0459E9022981CE5000A60D1E /* CircularProgressBarView.swift */; };
		0459E9052981DEF200A60D1E /* UICollectionView.swift in Sources */ = {isa = PBXBuildFile; fileRef = 0459E9042981DEF200A60D1E /* UICollectionView.swift */; };
		04783C29297BC76700A3A4AC /* LoadingViewController.swift in Sources */ = {isa = PBXBuildFile; fileRef = 04783C28297BC76700A3A4AC /* LoadingViewController.swift */; };
		04783C2B297BC7D300A3A4AC /* InformationSearchingAnimation.json in Resources */ = {isa = PBXBuildFile; fileRef = 04783C2A297BC7D300A3A4AC /* InformationSearchingAnimation.json */; };
		04783C2E297BCF9000A3A4AC /* UIView.swift in Sources */ = {isa = PBXBuildFile; fileRef = 04783C2D297BCF9000A3A4AC /* UIView.swift */; };
		04783C30297BD10300A3A4AC /* User.swift in Sources */ = {isa = PBXBuildFile; fileRef = 04783C2F297BD10300A3A4AC /* User.swift */; };
		04A74AA4297D93CC005D2BEE /* MainTabbarViewController.swift in Sources */ = {isa = PBXBuildFile; fileRef = 04A74AA3297D93CC005D2BEE /* MainTabbarViewController.swift */; };
		04A74AA7297D942D005D2BEE /* SleepControlViewController.swift in Sources */ = {isa = PBXBuildFile; fileRef = 04A74AA6297D942D005D2BEE /* SleepControlViewController.swift */; };
		04A74AA9297D9451005D2BEE /* HomeViewController.swift in Sources */ = {isa = PBXBuildFile; fileRef = 04A74AA8297D9451005D2BEE /* HomeViewController.swift */; };
		04A74AAB297D945F005D2BEE /* InfoViewController.swift in Sources */ = {isa = PBXBuildFile; fileRef = 04A74AAA297D945F005D2BEE /* InfoViewController.swift */; };
		04A74AAD297D9477005D2BEE /* ProfileViewController.swift in Sources */ = {isa = PBXBuildFile; fileRef = 04A74AAC297D9477005D2BEE /* ProfileViewController.swift */; };
		04A74AB2297DB802005D2BEE /* WeeklyStatisticView.swift in Sources */ = {isa = PBXBuildFile; fileRef = 04A74AB1297DB802005D2BEE /* WeeklyStatisticView.swift */; };
		04F73A69297AF538007C6927 /* SignUpNameViewController.swift in Sources */ = {isa = PBXBuildFile; fileRef = 04F73A68297AF538007C6927 /* SignUpNameViewController.swift */; };
		04F73A6B297B2A22007C6927 /* Logger.swift in Sources */ = {isa = PBXBuildFile; fileRef = 04F73A6A297B2A22007C6927 /* Logger.swift */; };
		04F73A6F297B2A38007C6927 /* Date.swift in Sources */ = {isa = PBXBuildFile; fileRef = 04F73A6D297B2A38007C6927 /* Date.swift */; };
		04F73A70297B2A38007C6927 /* Double.swift in Sources */ = {isa = PBXBuildFile; fileRef = 04F73A6E297B2A38007C6927 /* Double.swift */; };
		04F73A72297B2BAA007C6927 /* SignUpAdditionViewController.swift in Sources */ = {isa = PBXBuildFile; fileRef = 04F73A71297B2BAA007C6927 /* SignUpAdditionViewController.swift */; };
		FE5832EB28C9E88CA788BBF0 /* Pods_Sleepmate.framework in Frameworks */ = {isa = PBXBuildFile; fileRef = 47A562833F3E09A8E7113C8E /* Pods_Sleepmate.framework */; };
/* End PBXBuildFile section */

/* Begin PBXFileReference section */
		041783232975B1A80038EF40 /* CarouselView.swift */ = {isa = PBXFileReference; lastKnownFileType = sourcecode.swift; path = CarouselView.swift; sourceTree = "<group>"; };
		041783252975BA4F0038EF40 /* CarouselItemCollectionViewCell.swift */ = {isa = PBXFileReference; lastKnownFileType = sourcecode.swift; path = CarouselItemCollectionViewCell.swift; sourceTree = "<group>"; };
		041783272975C50F0038EF40 /* DefaultWhiteButton.swift */ = {isa = PBXFileReference; lastKnownFileType = sourcecode.swift; path = DefaultWhiteButton.swift; sourceTree = "<group>"; };
		041783292975C53F0038EF40 /* ColorPalette.swift */ = {isa = PBXFileReference; lastKnownFileType = sourcecode.swift; path = ColorPalette.swift; sourceTree = "<group>"; };
		0417832D2975E86C0038EF40 /* CarouselItem.swift */ = {isa = PBXFileReference; lastKnownFileType = sourcecode.swift; path = CarouselItem.swift; sourceTree = "<group>"; };
		0417832F2975EA2B0038EF40 /* Screen.swift */ = {isa = PBXFileReference; lastKnownFileType = sourcecode.swift; path = Screen.swift; sourceTree = "<group>"; };
		041783332975F35D0038EF40 /* IndicatorCollectionViewCell.swift */ = {isa = PBXFileReference; lastKnownFileType = sourcecode.swift; path = IndicatorCollectionViewCell.swift; sourceTree = "<group>"; };
		041783362976B5F30038EF40 /* AuthorizationNavigationController.swift */ = {isa = PBXFileReference; lastKnownFileType = sourcecode.swift; path = AuthorizationNavigationController.swift; sourceTree = "<group>"; };
		041783382976CB110038EF40 /* LoginViewController.swift */ = {isa = PBXFileReference; lastKnownFileType = sourcecode.swift; path = LoginViewController.swift; sourceTree = "<group>"; };
		0417833A2976CE800038EF40 /* SKTextField.swift */ = {isa = PBXFileReference; lastKnownFileType = sourcecode.swift; path = SKTextField.swift; sourceTree = "<group>"; };
		0421BE3229718A53001237C9 /* Sleepmate.app */ = {isa = PBXFileReference; explicitFileType = wrapper.application; includeInIndex = 0; path = Sleepmate.app; sourceTree = BUILT_PRODUCTS_DIR; };
		0421BE3529718A53001237C9 /* AppDelegate.swift */ = {isa = PBXFileReference; lastKnownFileType = sourcecode.swift; path = AppDelegate.swift; sourceTree = "<group>"; };
		0421BE3729718A53001237C9 /* SceneDelegate.swift */ = {isa = PBXFileReference; lastKnownFileType = sourcecode.swift; path = SceneDelegate.swift; sourceTree = "<group>"; };
		0421BE3929718A53001237C9 /* CarouselViewController.swift */ = {isa = PBXFileReference; lastKnownFileType = sourcecode.swift; path = CarouselViewController.swift; sourceTree = "<group>"; };
		0421BE3E29718A54001237C9 /* Assets.xcassets */ = {isa = PBXFileReference; lastKnownFileType = folder.assetcatalog; path = Assets.xcassets; sourceTree = "<group>"; };
		0421BE4129718A54001237C9 /* Base */ = {isa = PBXFileReference; lastKnownFileType = file.storyboard; name = Base; path = Base.lproj/LaunchScreen.storyboard; sourceTree = "<group>"; };
		0421BE4329718A54001237C9 /* Info.plist */ = {isa = PBXFileReference; lastKnownFileType = text.plist.xml; path = Info.plist; sourceTree = "<group>"; };
		0459E8F7297DBCFA00A60D1E /* DailyStatistic.swift */ = {isa = PBXFileReference; lastKnownFileType = sourcecode.swift; path = DailyStatistic.swift; sourceTree = "<group>"; };
		0459E8F9297DBE1B00A60D1E /* WeeklyStatisticCollectionViewCell.swift */ = {isa = PBXFileReference; lastKnownFileType = sourcecode.swift; path = WeeklyStatisticCollectionViewCell.swift; sourceTree = "<group>"; };
		0459E8FB297DBE4400A60D1E /* Server.swift */ = {isa = PBXFileReference; lastKnownFileType = sourcecode.swift; path = Server.swift; sourceTree = "<group>"; };
		0459E8FD29819EE600A60D1E /* URLs.swift */ = {isa = PBXFileReference; lastKnownFileType = sourcecode.swift; path = URLs.swift; sourceTree = "<group>"; };
		0459E9002981A90900A60D1E /* String.swift */ = {isa = PBXFileReference; lastKnownFileType = sourcecode.swift; path = String.swift; sourceTree = "<group>"; };
		0459E9022981CE5000A60D1E /* CircularProgressBarView.swift */ = {isa = PBXFileReference; lastKnownFileType = sourcecode.swift; path = CircularProgressBarView.swift; sourceTree = "<group>"; };
		0459E9042981DEF200A60D1E /* UICollectionView.swift */ = {isa = PBXFileReference; lastKnownFileType = sourcecode.swift; path = UICollectionView.swift; sourceTree = "<group>"; };
		04783C28297BC76700A3A4AC /* LoadingViewController.swift */ = {isa = PBXFileReference; lastKnownFileType = sourcecode.swift; path = LoadingViewController.swift; sourceTree = "<group>"; };
		04783C2A297BC7D300A3A4AC /* InformationSearchingAnimation.json */ = {isa = PBXFileReference; fileEncoding = 4; lastKnownFileType = text.json; path = InformationSearchingAnimation.json; sourceTree = "<group>"; };
		04783C2D297BCF9000A3A4AC /* UIView.swift */ = {isa = PBXFileReference; lastKnownFileType = sourcecode.swift; path = UIView.swift; sourceTree = "<group>"; };
		04783C2F297BD10300A3A4AC /* User.swift */ = {isa = PBXFileReference; lastKnownFileType = sourcecode.swift; path = User.swift; sourceTree = "<group>"; };
		04A74AA3297D93CC005D2BEE /* MainTabbarViewController.swift */ = {isa = PBXFileReference; lastKnownFileType = sourcecode.swift; path = MainTabbarViewController.swift; sourceTree = "<group>"; };
		04A74AA6297D942D005D2BEE /* SleepControlViewController.swift */ = {isa = PBXFileReference; lastKnownFileType = sourcecode.swift; path = SleepControlViewController.swift; sourceTree = "<group>"; };
		04A74AA8297D9451005D2BEE /* HomeViewController.swift */ = {isa = PBXFileReference; lastKnownFileType = sourcecode.swift; path = HomeViewController.swift; sourceTree = "<group>"; };
		04A74AAA297D945F005D2BEE /* InfoViewController.swift */ = {isa = PBXFileReference; lastKnownFileType = sourcecode.swift; path = InfoViewController.swift; sourceTree = "<group>"; };
		04A74AAC297D9477005D2BEE /* ProfileViewController.swift */ = {isa = PBXFileReference; lastKnownFileType = sourcecode.swift; path = ProfileViewController.swift; sourceTree = "<group>"; };
		04A74AB1297DB802005D2BEE /* WeeklyStatisticView.swift */ = {isa = PBXFileReference; lastKnownFileType = sourcecode.swift; path = WeeklyStatisticView.swift; sourceTree = "<group>"; };
		04F73A68297AF538007C6927 /* SignUpNameViewController.swift */ = {isa = PBXFileReference; lastKnownFileType = sourcecode.swift; path = SignUpNameViewController.swift; sourceTree = "<group>"; };
		04F73A6A297B2A22007C6927 /* Logger.swift */ = {isa = PBXFileReference; fileEncoding = 4; lastKnownFileType = sourcecode.swift; path = Logger.swift; sourceTree = "<group>"; };
		04F73A6D297B2A38007C6927 /* Date.swift */ = {isa = PBXFileReference; fileEncoding = 4; lastKnownFileType = sourcecode.swift; path = Date.swift; sourceTree = "<group>"; };
		04F73A6E297B2A38007C6927 /* Double.swift */ = {isa = PBXFileReference; fileEncoding = 4; lastKnownFileType = sourcecode.swift; path = Double.swift; sourceTree = "<group>"; };
		04F73A71297B2BAA007C6927 /* SignUpAdditionViewController.swift */ = {isa = PBXFileReference; lastKnownFileType = sourcecode.swift; path = SignUpAdditionViewController.swift; sourceTree = "<group>"; };
		47A562833F3E09A8E7113C8E /* Pods_Sleepmate.framework */ = {isa = PBXFileReference; explicitFileType = wrapper.framework; includeInIndex = 0; path = Pods_Sleepmate.framework; sourceTree = BUILT_PRODUCTS_DIR; };
		74465786AF8FBFB67A39DEB9 /* Pods-Sleepmate.release.xcconfig */ = {isa = PBXFileReference; includeInIndex = 1; lastKnownFileType = text.xcconfig; name = "Pods-Sleepmate.release.xcconfig"; path = "Target Support Files/Pods-Sleepmate/Pods-Sleepmate.release.xcconfig"; sourceTree = "<group>"; };
		A44BDD7BB216D1D38808E91C /* Pods-Sleepmate.debug.xcconfig */ = {isa = PBXFileReference; includeInIndex = 1; lastKnownFileType = text.xcconfig; name = "Pods-Sleepmate.debug.xcconfig"; path = "Target Support Files/Pods-Sleepmate/Pods-Sleepmate.debug.xcconfig"; sourceTree = "<group>"; };
/* End PBXFileReference section */

/* Begin PBXFrameworksBuildPhase section */
		0421BE2F29718A53001237C9 /* Frameworks */ = {
			isa = PBXFrameworksBuildPhase;
			buildActionMask = 2147483647;
			files = (
				FE5832EB28C9E88CA788BBF0 /* Pods_Sleepmate.framework in Frameworks */,
			);
			runOnlyForDeploymentPostprocessing = 0;
		};
/* End PBXFrameworksBuildPhase section */

/* Begin PBXGroup section */
		041783352976A8D90038EF40 /* CarouselViews */ = {
			isa = PBXGroup;
			children = (
				041783232975B1A80038EF40 /* CarouselView.swift */,
				041783252975BA4F0038EF40 /* CarouselItemCollectionViewCell.swift */,
				041783332975F35D0038EF40 /* IndicatorCollectionViewCell.swift */,
			);
			path = CarouselViews;
			sourceTree = "<group>";
		};
		0421BE2929718A53001237C9 = {
			isa = PBXGroup;
			children = (
				0421BE3429718A53001237C9 /* Sleepmate */,
				0421BE3329718A53001237C9 /* Products */,
				D0063294020D73882D37D058 /* Pods */,
				13F131FE54889DDC836A363E /* Frameworks */,
			);
			sourceTree = "<group>";
		};
		0421BE3329718A53001237C9 /* Products */ = {
			isa = PBXGroup;
			children = (
				0421BE3229718A53001237C9 /* Sleepmate.app */,
			);
			name = Products;
			sourceTree = "<group>";
		};
		0421BE3429718A53001237C9 /* Sleepmate */ = {
			isa = PBXGroup;
			children = (
				0421BE4E2971903E001237C9 /* CustomControls */,
				0421BE4C29718C66001237C9 /* Models */,
				0421BE4D29718C70001237C9 /* Scenes */,
				0421BE4A29718C3F001237C9 /* Resourses */,
				0421BE4929718C22001237C9 /* SupportingFiles */,
				0421BE4F297190BE001237C9 /* Workers */,
			);
			path = Sleepmate;
			sourceTree = "<group>";
		};
		0421BE4929718C22001237C9 /* SupportingFiles */ = {
			isa = PBXGroup;
			children = (
				0421BE3529718A53001237C9 /* AppDelegate.swift */,
				0421BE3729718A53001237C9 /* SceneDelegate.swift */,
			);
			path = SupportingFiles;
			sourceTree = "<group>";
		};
		0421BE4A29718C3F001237C9 /* Resourses */ = {
			isa = PBXGroup;
			children = (
				0459E8FF29819EE900A60D1E /* Static */,
				04783C2A297BC7D300A3A4AC /* InformationSearchingAnimation.json */,
				0421BE4029718A54001237C9 /* LaunchScreen.storyboard */,
				0421BE4329718A54001237C9 /* Info.plist */,
				0421BE3E29718A54001237C9 /* Assets.xcassets */,
			);
			path = Resourses;
			sourceTree = "<group>";
		};
		0421BE4B29718C61001237C9 /* Views */ = {
			isa = PBXGroup;
			children = (
				041783352976A8D90038EF40 /* CarouselViews */,
				04A74AAE297DB7B0005D2BEE /* HomePageViews */,
			);
			path = Views;
			sourceTree = "<group>";
		};
		0421BE4C29718C66001237C9 /* Models */ = {
			isa = PBXGroup;
			children = (
				0417832D2975E86C0038EF40 /* CarouselItem.swift */,
				04783C2F297BD10300A3A4AC /* User.swift */,
				0459E8F7297DBCFA00A60D1E /* DailyStatistic.swift */,
			);
			path = Models;
			sourceTree = "<group>";
		};
		0421BE4D29718C70001237C9 /* Scenes */ = {
			isa = PBXGroup;
			children = (
				04A74AA1297D9309005D2BEE /* Authorization */,
				04A74AA2297D9318005D2BEE /* Main */,
			);
			path = Scenes;
			sourceTree = "<group>";
		};
		0421BE4E2971903E001237C9 /* CustomControls */ = {
			isa = PBXGroup;
			children = (
				0459E9022981CE5000A60D1E /* CircularProgressBarView.swift */,
				0417833A2976CE800038EF40 /* SKTextField.swift */,
				041783272975C50F0038EF40 /* DefaultWhiteButton.swift */,
				0421BE4B29718C61001237C9 /* Views */,
				0421BE5029719135001237C9 /* Extensions */,
			);
			path = CustomControls;
			sourceTree = "<group>";
		};
		0421BE4F297190BE001237C9 /* Workers */ = {
			isa = PBXGroup;
			children = (
				0459E8FB297DBE4400A60D1E /* Server.swift */,
			);
			path = Workers;
			sourceTree = "<group>";
		};
		0421BE5029719135001237C9 /* Extensions */ = {
			isa = PBXGroup;
			children = (
				04F73A6A297B2A22007C6927 /* Logger.swift */,
				04F73A6C297B2A38007C6927 /* Foundation */,
				04783C2C297BCF7D00A3A4AC /* UIKit */,
			);
			path = Extensions;
			sourceTree = "<group>";
		};
		0459E8FF29819EE900A60D1E /* Static */ = {
			isa = PBXGroup;
			children = (
				041783292975C53F0038EF40 /* ColorPalette.swift */,
				0417832F2975EA2B0038EF40 /* Screen.swift */,
				0459E8FD29819EE600A60D1E /* URLs.swift */,
			);
			path = Static;
			sourceTree = "<group>";
		};
		04783C2C297BCF7D00A3A4AC /* UIKit */ = {
			isa = PBXGroup;
			children = (
				04783C2D297BCF9000A3A4AC /* UIView.swift */,
				0459E9042981DEF200A60D1E /* UICollectionView.swift */,
			);
			path = UIKit;
			sourceTree = "<group>";
		};
		04A74AA1297D9309005D2BEE /* Authorization */ = {
			isa = PBXGroup;
			children = (
				041783362976B5F30038EF40 /* AuthorizationNavigationController.swift */,
				0421BE3929718A53001237C9 /* CarouselViewController.swift */,
				041783382976CB110038EF40 /* LoginViewController.swift */,
				04F73A68297AF538007C6927 /* SignUpNameViewController.swift */,
				04F73A71297B2BAA007C6927 /* SignUpAdditionViewController.swift */,
				04783C28297BC76700A3A4AC /* LoadingViewController.swift */,
			);
			path = Authorization;
			sourceTree = "<group>";
		};
		04A74AA2297D9318005D2BEE /* Main */ = {
			isa = PBXGroup;
			children = (
				04A74AA3297D93CC005D2BEE /* MainTabbarViewController.swift */,
				04A74AA6297D942D005D2BEE /* SleepControlViewController.swift */,
				04A74AA8297D9451005D2BEE /* HomeViewController.swift */,
				04A74AAA297D945F005D2BEE /* InfoViewController.swift */,
				04A74AAC297D9477005D2BEE /* ProfileViewController.swift */,
			);
			path = Main;
			sourceTree = "<group>";
		};
		04A74AAE297DB7B0005D2BEE /* HomePageViews */ = {
			isa = PBXGroup;
			children = (
				04A74AB1297DB802005D2BEE /* WeeklyStatisticView.swift */,
				0459E8F9297DBE1B00A60D1E /* WeeklyStatisticCollectionViewCell.swift */,
			);
			path = HomePageViews;
			sourceTree = "<group>";
		};
		04F73A6C297B2A38007C6927 /* Foundation */ = {
			isa = PBXGroup;
			children = (
				04F73A6D297B2A38007C6927 /* Date.swift */,
				04F73A6E297B2A38007C6927 /* Double.swift */,
				0459E9002981A90900A60D1E /* String.swift */,
			);
			path = Foundation;
			sourceTree = "<group>";
		};
		13F131FE54889DDC836A363E /* Frameworks */ = {
			isa = PBXGroup;
			children = (
				47A562833F3E09A8E7113C8E /* Pods_Sleepmate.framework */,
			);
			name = Frameworks;
			sourceTree = "<group>";
		};
		D0063294020D73882D37D058 /* Pods */ = {
			isa = PBXGroup;
			children = (
				A44BDD7BB216D1D38808E91C /* Pods-Sleepmate.debug.xcconfig */,
				74465786AF8FBFB67A39DEB9 /* Pods-Sleepmate.release.xcconfig */,
			);
			path = Pods;
			sourceTree = "<group>";
		};
/* End PBXGroup section */

/* Begin PBXNativeTarget section */
		0421BE3129718A53001237C9 /* Sleepmate */ = {
			isa = PBXNativeTarget;
			buildConfigurationList = 0421BE4629718A54001237C9 /* Build configuration list for PBXNativeTarget "Sleepmate" */;
			buildPhases = (
				08AFA4EBF09DCF9E99F44371 /* [CP] Check Pods Manifest.lock */,
				0421BE2E29718A53001237C9 /* Sources */,
				0421BE2F29718A53001237C9 /* Frameworks */,
				0421BE3029718A53001237C9 /* Resources */,
				7FD2C5C0E380C3C82D5BF415 /* [CP] Embed Pods Frameworks */,
			);
			buildRules = (
			);
			dependencies = (
			);
			name = Sleepmate;
			productName = sleepmate;
			productReference = 0421BE3229718A53001237C9 /* Sleepmate.app */;
			productType = "com.apple.product-type.application";
		};
/* End PBXNativeTarget section */

/* Begin PBXProject section */
		0421BE2A29718A53001237C9 /* Project object */ = {
			isa = PBXProject;
			attributes = {
				BuildIndependentTargetsInParallel = 1;
				LastSwiftUpdateCheck = 1410;
				LastUpgradeCheck = 1410;
				TargetAttributes = {
					0421BE3129718A53001237C9 = {
						CreatedOnToolsVersion = 14.1;
					};
				};
			};
			buildConfigurationList = 0421BE2D29718A53001237C9 /* Build configuration list for PBXProject "Sleepmate" */;
			compatibilityVersion = "Xcode 14.0";
			developmentRegion = en;
			hasScannedForEncodings = 0;
			knownRegions = (
				en,
				Base,
			);
			mainGroup = 0421BE2929718A53001237C9;
			productRefGroup = 0421BE3329718A53001237C9 /* Products */;
			projectDirPath = "";
			projectRoot = "";
			targets = (
				0421BE3129718A53001237C9 /* Sleepmate */,
			);
		};
/* End PBXProject section */

/* Begin PBXResourcesBuildPhase section */
		0421BE3029718A53001237C9 /* Resources */ = {
			isa = PBXResourcesBuildPhase;
			buildActionMask = 2147483647;
			files = (
				04783C2B297BC7D300A3A4AC /* InformationSearchingAnimation.json in Resources */,
				0421BE4229718A54001237C9 /* LaunchScreen.storyboard in Resources */,
				0421BE3F29718A54001237C9 /* Assets.xcassets in Resources */,
			);
			runOnlyForDeploymentPostprocessing = 0;
		};
/* End PBXResourcesBuildPhase section */

/* Begin PBXShellScriptBuildPhase section */
		08AFA4EBF09DCF9E99F44371 /* [CP] Check Pods Manifest.lock */ = {
			isa = PBXShellScriptBuildPhase;
			buildActionMask = 2147483647;
			files = (
			);
			inputFileListPaths = (
			);
			inputPaths = (
				"${PODS_PODFILE_DIR_PATH}/Podfile.lock",
				"${PODS_ROOT}/Manifest.lock",
			);
			name = "[CP] Check Pods Manifest.lock";
			outputFileListPaths = (
			);
			outputPaths = (
				"$(DERIVED_FILE_DIR)/Pods-Sleepmate-checkManifestLockResult.txt",
			);
			runOnlyForDeploymentPostprocessing = 0;
			shellPath = /bin/sh;
			shellScript = "diff \"${PODS_PODFILE_DIR_PATH}/Podfile.lock\" \"${PODS_ROOT}/Manifest.lock\" > /dev/null\nif [ $? != 0 ] ; then\n    # print error to STDERR\n    echo \"error: The sandbox is not in sync with the Podfile.lock. Run 'pod install' or update your CocoaPods installation.\" >&2\n    exit 1\nfi\n# This output is used by Xcode 'outputs' to avoid re-running this script phase.\necho \"SUCCESS\" > \"${SCRIPT_OUTPUT_FILE_0}\"\n";
			showEnvVarsInLog = 0;
		};
		7FD2C5C0E380C3C82D5BF415 /* [CP] Embed Pods Frameworks */ = {
			isa = PBXShellScriptBuildPhase;
			buildActionMask = 2147483647;
			files = (
			);
			inputFileListPaths = (
				"${PODS_ROOT}/Target Support Files/Pods-Sleepmate/Pods-Sleepmate-frameworks-${CONFIGURATION}-input-files.xcfilelist",
			);
			name = "[CP] Embed Pods Frameworks";
			outputFileListPaths = (
				"${PODS_ROOT}/Target Support Files/Pods-Sleepmate/Pods-Sleepmate-frameworks-${CONFIGURATION}-output-files.xcfilelist",
			);
			runOnlyForDeploymentPostprocessing = 0;
			shellPath = /bin/sh;
			shellScript = "\"${PODS_ROOT}/Target Support Files/Pods-Sleepmate/Pods-Sleepmate-frameworks.sh\"\n";
			showEnvVarsInLog = 0;
		};
/* End PBXShellScriptBuildPhase section */

/* Begin PBXSourcesBuildPhase section */
		0421BE2E29718A53001237C9 /* Sources */ = {
			isa = PBXSourcesBuildPhase;
			buildActionMask = 2147483647;
			files = (
				04783C2E297BCF9000A3A4AC /* UIView.swift in Sources */,
				04A74AA4297D93CC005D2BEE /* MainTabbarViewController.swift in Sources */,
				04A74AA7297D942D005D2BEE /* SleepControlViewController.swift in Sources */,
				04F73A70297B2A38007C6927 /* Double.swift in Sources */,
				041783342975F35D0038EF40 /* IndicatorCollectionViewCell.swift in Sources */,
				0417833B2976CE800038EF40 /* SKTextField.swift in Sources */,
				0459E8F8297DBCFA00A60D1E /* DailyStatistic.swift in Sources */,
				0417832A2975C53F0038EF40 /* ColorPalette.swift in Sources */,
				0459E8FA297DBE1B00A60D1E /* WeeklyStatisticCollectionViewCell.swift in Sources */,
				0459E8FE29819EE600A60D1E /* URLs.swift in Sources */,
				04F73A6F297B2A38007C6927 /* Date.swift in Sources */,
				0459E8FC297DBE4400A60D1E /* Server.swift in Sources */,
				041783262975BA4F0038EF40 /* CarouselItemCollectionViewCell.swift in Sources */,
				0417832E2975E86C0038EF40 /* CarouselItem.swift in Sources */,
				04A74AAD297D9477005D2BEE /* ProfileViewController.swift in Sources */,
				041783282975C50F0038EF40 /* DefaultWhiteButton.swift in Sources */,
				0459E9052981DEF200A60D1E /* UICollectionView.swift in Sources */,
				04F73A72297B2BAA007C6927 /* SignUpAdditionViewController.swift in Sources */,
				041783302975EA2B0038EF40 /* Screen.swift in Sources */,
				041783372976B5F30038EF40 /* AuthorizationNavigationController.swift in Sources */,
				0459E9032981CE5000A60D1E /* CircularProgressBarView.swift in Sources */,
				04783C29297BC76700A3A4AC /* LoadingViewController.swift in Sources */,
				04F73A69297AF538007C6927 /* SignUpNameViewController.swift in Sources */,
				0421BE3A29718A53001237C9 /* CarouselViewController.swift in Sources */,
				04F73A6B297B2A22007C6927 /* Logger.swift in Sources */,
				0421BE3629718A53001237C9 /* AppDelegate.swift in Sources */,
				041783242975B1A80038EF40 /* CarouselView.swift in Sources */,
				04A74AA9297D9451005D2BEE /* HomeViewController.swift in Sources */,
				041783392976CB110038EF40 /* LoginViewController.swift in Sources */,
				04A74AB2297DB802005D2BEE /* WeeklyStatisticView.swift in Sources */,
				0421BE3829718A53001237C9 /* SceneDelegate.swift in Sources */,
				04A74AAB297D945F005D2BEE /* InfoViewController.swift in Sources */,
				0459E9012981A90900A60D1E /* String.swift in Sources */,
				04783C30297BD10300A3A4AC /* User.swift in Sources */,
			);
			runOnlyForDeploymentPostprocessing = 0;
		};
/* End PBXSourcesBuildPhase section */

/* Begin PBXVariantGroup section */
		0421BE4029718A54001237C9 /* LaunchScreen.storyboard */ = {
			isa = PBXVariantGroup;
			children = (
				0421BE4129718A54001237C9 /* Base */,
			);
			name = LaunchScreen.storyboard;
			sourceTree = "<group>";
		};
/* End PBXVariantGroup section */

/* Begin XCBuildConfiguration section */
		0421BE4429718A54001237C9 /* Debug */ = {
			isa = XCBuildConfiguration;
			buildSettings = {
				ALWAYS_SEARCH_USER_PATHS = NO;
				CLANG_ANALYZER_NONNULL = YES;
				CLANG_ANALYZER_NUMBER_OBJECT_CONVERSION = YES_AGGRESSIVE;
				CLANG_CXX_LANGUAGE_STANDARD = "gnu++20";
				CLANG_ENABLE_MODULES = YES;
				CLANG_ENABLE_OBJC_ARC = YES;
				CLANG_ENABLE_OBJC_WEAK = YES;
				CLANG_WARN_BLOCK_CAPTURE_AUTORELEASING = YES;
				CLANG_WARN_BOOL_CONVERSION = YES;
				CLANG_WARN_COMMA = YES;
				CLANG_WARN_CONSTANT_CONVERSION = YES;
				CLANG_WARN_DEPRECATED_OBJC_IMPLEMENTATIONS = YES;
				CLANG_WARN_DIRECT_OBJC_ISA_USAGE = YES_ERROR;
				CLANG_WARN_DOCUMENTATION_COMMENTS = YES;
				CLANG_WARN_EMPTY_BODY = YES;
				CLANG_WARN_ENUM_CONVERSION = YES;
				CLANG_WARN_INFINITE_RECURSION = YES;
				CLANG_WARN_INT_CONVERSION = YES;
				CLANG_WARN_NON_LITERAL_NULL_CONVERSION = YES;
				CLANG_WARN_OBJC_IMPLICIT_RETAIN_SELF = YES;
				CLANG_WARN_OBJC_LITERAL_CONVERSION = YES;
				CLANG_WARN_OBJC_ROOT_CLASS = YES_ERROR;
				CLANG_WARN_QUOTED_INCLUDE_IN_FRAMEWORK_HEADER = YES;
				CLANG_WARN_RANGE_LOOP_ANALYSIS = YES;
				CLANG_WARN_STRICT_PROTOTYPES = YES;
				CLANG_WARN_SUSPICIOUS_MOVE = YES;
				CLANG_WARN_UNGUARDED_AVAILABILITY = YES_AGGRESSIVE;
				CLANG_WARN_UNREACHABLE_CODE = YES;
				CLANG_WARN__DUPLICATE_METHOD_MATCH = YES;
				COPY_PHASE_STRIP = NO;
				DEBUG_INFORMATION_FORMAT = dwarf;
				ENABLE_STRICT_OBJC_MSGSEND = YES;
				ENABLE_TESTABILITY = YES;
				GCC_C_LANGUAGE_STANDARD = gnu11;
				GCC_DYNAMIC_NO_PIC = NO;
				GCC_NO_COMMON_BLOCKS = YES;
				GCC_OPTIMIZATION_LEVEL = 0;
				GCC_PREPROCESSOR_DEFINITIONS = (
					"DEBUG=1",
					"$(inherited)",
				);
				GCC_WARN_64_TO_32_BIT_CONVERSION = YES;
				GCC_WARN_ABOUT_RETURN_TYPE = YES_ERROR;
				GCC_WARN_UNDECLARED_SELECTOR = YES;
				GCC_WARN_UNINITIALIZED_AUTOS = YES_AGGRESSIVE;
				GCC_WARN_UNUSED_FUNCTION = YES;
				GCC_WARN_UNUSED_VARIABLE = YES;
				IPHONEOS_DEPLOYMENT_TARGET = 16.1;
				MTL_ENABLE_DEBUG_INFO = INCLUDE_SOURCE;
				MTL_FAST_MATH = YES;
				ONLY_ACTIVE_ARCH = YES;
				SDKROOT = iphoneos;
				SWIFT_ACTIVE_COMPILATION_CONDITIONS = DEBUG;
				SWIFT_OPTIMIZATION_LEVEL = "-Onone";
			};
			name = Debug;
		};
		0421BE4529718A54001237C9 /* Release */ = {
			isa = XCBuildConfiguration;
			buildSettings = {
				ALWAYS_SEARCH_USER_PATHS = NO;
				CLANG_ANALYZER_NONNULL = YES;
				CLANG_ANALYZER_NUMBER_OBJECT_CONVERSION = YES_AGGRESSIVE;
				CLANG_CXX_LANGUAGE_STANDARD = "gnu++20";
				CLANG_ENABLE_MODULES = YES;
				CLANG_ENABLE_OBJC_ARC = YES;
				CLANG_ENABLE_OBJC_WEAK = YES;
				CLANG_WARN_BLOCK_CAPTURE_AUTORELEASING = YES;
				CLANG_WARN_BOOL_CONVERSION = YES;
				CLANG_WARN_COMMA = YES;
				CLANG_WARN_CONSTANT_CONVERSION = YES;
				CLANG_WARN_DEPRECATED_OBJC_IMPLEMENTATIONS = YES;
				CLANG_WARN_DIRECT_OBJC_ISA_USAGE = YES_ERROR;
				CLANG_WARN_DOCUMENTATION_COMMENTS = YES;
				CLANG_WARN_EMPTY_BODY = YES;
				CLANG_WARN_ENUM_CONVERSION = YES;
				CLANG_WARN_INFINITE_RECURSION = YES;
				CLANG_WARN_INT_CONVERSION = YES;
				CLANG_WARN_NON_LITERAL_NULL_CONVERSION = YES;
				CLANG_WARN_OBJC_IMPLICIT_RETAIN_SELF = YES;
				CLANG_WARN_OBJC_LITERAL_CONVERSION = YES;
				CLANG_WARN_OBJC_ROOT_CLASS = YES_ERROR;
				CLANG_WARN_QUOTED_INCLUDE_IN_FRAMEWORK_HEADER = YES;
				CLANG_WARN_RANGE_LOOP_ANALYSIS = YES;
				CLANG_WARN_STRICT_PROTOTYPES = YES;
				CLANG_WARN_SUSPICIOUS_MOVE = YES;
				CLANG_WARN_UNGUARDED_AVAILABILITY = YES_AGGRESSIVE;
				CLANG_WARN_UNREACHABLE_CODE = YES;
				CLANG_WARN__DUPLICATE_METHOD_MATCH = YES;
				COPY_PHASE_STRIP = NO;
				DEBUG_INFORMATION_FORMAT = "dwarf-with-dsym";
				ENABLE_NS_ASSERTIONS = NO;
				ENABLE_STRICT_OBJC_MSGSEND = YES;
				GCC_C_LANGUAGE_STANDARD = gnu11;
				GCC_NO_COMMON_BLOCKS = YES;
				GCC_WARN_64_TO_32_BIT_CONVERSION = YES;
				GCC_WARN_ABOUT_RETURN_TYPE = YES_ERROR;
				GCC_WARN_UNDECLARED_SELECTOR = YES;
				GCC_WARN_UNINITIALIZED_AUTOS = YES_AGGRESSIVE;
				GCC_WARN_UNUSED_FUNCTION = YES;
				GCC_WARN_UNUSED_VARIABLE = YES;
				IPHONEOS_DEPLOYMENT_TARGET = 16.1;
				MTL_ENABLE_DEBUG_INFO = NO;
				MTL_FAST_MATH = YES;
				SDKROOT = iphoneos;
				SWIFT_COMPILATION_MODE = wholemodule;
				SWIFT_OPTIMIZATION_LEVEL = "-O";
				VALIDATE_PRODUCT = YES;
			};
			name = Release;
		};
		0421BE4729718A54001237C9 /* Debug */ = {
			isa = XCBuildConfiguration;
			baseConfigurationReference = A44BDD7BB216D1D38808E91C /* Pods-Sleepmate.debug.xcconfig */;
			buildSettings = {
				ASSETCATALOG_COMPILER_APPICON_NAME = AppIcon;
				ASSETCATALOG_COMPILER_GLOBAL_ACCENT_COLOR_NAME = AccentColor;
				CODE_SIGN_IDENTITY = "Apple Development";
				CODE_SIGN_STYLE = Automatic;
				CURRENT_PROJECT_VERSION = 1;
				DEVELOPMENT_TEAM = "";
				GENERATE_INFOPLIST_FILE = YES;
				INFOPLIST_FILE = Sleepmate/Resourses/Info.plist;
				INFOPLIST_KEY_UIApplicationSupportsIndirectInputEvents = YES;
				INFOPLIST_KEY_UILaunchStoryboardName = LaunchScreen;
				INFOPLIST_KEY_UIStatusBarStyle = UIStatusBarStyleLightContent;
				INFOPLIST_KEY_UISupportedInterfaceOrientations_iPad = "UIInterfaceOrientationPortrait UIInterfaceOrientationPortraitUpsideDown UIInterfaceOrientationLandscapeLeft UIInterfaceOrientationLandscapeRight";
				INFOPLIST_KEY_UISupportedInterfaceOrientations_iPhone = "UIInterfaceOrientationPortrait UIInterfaceOrientationLandscapeLeft UIInterfaceOrientationLandscapeRight";
				LD_RUNPATH_SEARCH_PATHS = (
					"$(inherited)",
					"@executable_path/Frameworks",
				);
				MARKETING_VERSION = 1.0;
				PRODUCT_BUNDLE_IDENTIFIER = com.ayu.sleepmate;
				PRODUCT_NAME = "$(TARGET_NAME)";
				PROVISIONING_PROFILE_SPECIFIER = "";
				SWIFT_EMIT_LOC_STRINGS = YES;
				SWIFT_VERSION = 5.0;
				TARGETED_DEVICE_FAMILY = "1,2";
			};
			name = Debug;
		};
		0421BE4829718A54001237C9 /* Release */ = {
			isa = XCBuildConfiguration;
			baseConfigurationReference = 74465786AF8FBFB67A39DEB9 /* Pods-Sleepmate.release.xcconfig */;
			buildSettings = {
				ASSETCATALOG_COMPILER_APPICON_NAME = AppIcon;
				ASSETCATALOG_COMPILER_GLOBAL_ACCENT_COLOR_NAME = AccentColor;
				CODE_SIGN_IDENTITY = "Apple Development";
				CODE_SIGN_STYLE = Automatic;
				CURRENT_PROJECT_VERSION = 1;
				DEVELOPMENT_TEAM = "";
				GENERATE_INFOPLIST_FILE = YES;
				INFOPLIST_FILE = Sleepmate/Resourses/Info.plist;
				INFOPLIST_KEY_UIApplicationSupportsIndirectInputEvents = YES;
				INFOPLIST_KEY_UILaunchStoryboardName = LaunchScreen;
				INFOPLIST_KEY_UIStatusBarStyle = UIStatusBarStyleLightContent;
				INFOPLIST_KEY_UISupportedInterfaceOrientations_iPad = "UIInterfaceOrientationPortrait UIInterfaceOrientationPortraitUpsideDown UIInterfaceOrientationLandscapeLeft UIInterfaceOrientationLandscapeRight";
				INFOPLIST_KEY_UISupportedInterfaceOrientations_iPhone = "UIInterfaceOrientationPortrait UIInterfaceOrientationLandscapeLeft UIInterfaceOrientationLandscapeRight";
				LD_RUNPATH_SEARCH_PATHS = (
					"$(inherited)",
					"@executable_path/Frameworks",
				);
				MARKETING_VERSION = 1.0;
				PRODUCT_BUNDLE_IDENTIFIER = com.ayu.sleepmate;
				PRODUCT_NAME = "$(TARGET_NAME)";
				PROVISIONING_PROFILE_SPECIFIER = "";
				SWIFT_EMIT_LOC_STRINGS = YES;
				SWIFT_VERSION = 5.0;
				TARGETED_DEVICE_FAMILY = "1,2";
			};
			name = Release;
		};
/* End XCBuildConfiguration section */

/* Begin XCConfigurationList section */
		0421BE2D29718A53001237C9 /* Build configuration list for PBXProject "Sleepmate" */ = {
			isa = XCConfigurationList;
			buildConfigurations = (
				0421BE4429718A54001237C9 /* Debug */,
				0421BE4529718A54001237C9 /* Release */,
			);
			defaultConfigurationIsVisible = 0;
			defaultConfigurationName = Release;
		};
		0421BE4629718A54001237C9 /* Build configuration list for PBXNativeTarget "Sleepmate" */ = {
			isa = XCConfigurationList;
			buildConfigurations = (
				0421BE4729718A54001237C9 /* Debug */,
				0421BE4829718A54001237C9 /* Release */,
			);
			defaultConfigurationIsVisible = 0;
			defaultConfigurationName = Release;
		};
/* End XCConfigurationList section */
	};
	rootObject = 0421BE2A29718A53001237C9 /* Project object */;
}
